
Microsoft Visual Studio Solution File, Format Version 12.00
# Visual Studio 15
VisualStudioVersion = 15.0.28010.2003
MinimumVisualStudioVersion = 10.0.40219.1
Project("{8BC9CEB8-8B4A-11D0-8D11-00A0C91BC942}") = "实验1 单处理机进程调度", "实验1 单处理机进程调度\实验1 单处理机进程调度.vcxproj", "{7DCCCA83-986F-40C4-B888-BDE657DD5711}"
EndProject
Global
	GlobalSection(SolutionConfigurationPlatforms) = preSolution
		Debug|x64 = Debug|x64
		Debug|x86 = Debug|x86
		Release|x64 = Release|x64
		Release|x86 = Release|x86
	EndGlobalSection
	GlobalSection(ProjectConfigurationPlatforms) = postSolution
		{7DCCCA83-986F-40C4-B888-BDE657DD5711}.Debug|x64.ActiveCfg = Debug|x64
		{7DCCCA83-986F-40C4-B888-BDE657DD5711}.Debug|x64.Build.0 = Debug|x64
		{7DCCCA83-986F-40C4-B888-BDE657DD5711}.Debug|x86.ActiveCfg = Debug|Win32
		{7DCCCA83-986F-40C4-B888-BDE657DD5711}.Debug|x86.Build.0 = Debug|Win32
		{7DCCCA83-986F-40C4-B888-BDE657DD5711}.Release|x64.ActiveCfg = Release|x64
		{7DCCCA83-986F-40C4-B888-BDE657DD5711}.Release|x64.Build.0 = Release|x64
		{7DCCCA83-986F-40C4-B888-BDE657DD5711}.Release|x86.ActiveCfg = Release|Win32
		{7DCCCA83-986F-40C4-B888-BDE657DD5711}.Release|x86.Build.0 = Release|Win32
	EndGlobalSection
	GlobalSection(SolutionProperties) = preSolution
		HideSolutionNode = FALSE
	EndGlobalSection
	GlobalSection(ExtensibilityGlobals) = postSolution
		SolutionGuid = {2F357949-B843-45C6-A865-168B5A99595A}
	EndGlobalSection
EndGlobal
